
Microsoft Visual Studio Solution File, Format Version 12.00
# Visual Studio Version 16
VisualStudioVersion = 16.0.30406.217
MinimumVisualStudioVersion = 10.0.40219.1
Project("{FAE04EC0-301F-11D3-BF4B-00C04F79EFBC}") = "CodeFirst1", "CodeFirst1\CodeFirst1.csproj", "{C42021E5-12EB-42AA-8E34-2131F5E35AC3}"
EndProject
Global
	GlobalSection(SolutionConfigurationPlatforms) = preSolution
		Debug|Any CPU = Debug|Any CPU
		Release|Any CPU = Release|Any CPU
	EndGlobalSection
	GlobalSection(ProjectConfigurationPlatforms) = postSolution
		{C42021E5-12EB-42AA-8E34-2131F5E35AC3}.Debug|Any CPU.ActiveCfg = Debug|Any CPU
		{C42021E5-12EB-42AA-8E34-2131F5E35AC3}.Debug|Any CPU.Build.0 = Debug|Any CPU
		{C42021E5-12EB-42AA-8E34-2131F5E35AC3}.Release|Any CPU.ActiveCfg = Release|Any CPU
		{C42021E5-12EB-42AA-8E34-2131F5E35AC3}.Release|Any CPU.Build.0 = Release|Any CPU
	EndGlobalSection
	GlobalSection(SolutionProperties) = preSolution
		HideSolutionNode = FALSE
	EndGlobalSection
	GlobalSection(ExtensibilityGlobals) = postSolution
		SolutionGuid = {149800D5-141F-40D8-9059-97167F86D9FA}
	EndGlobalSection
EndGlobal
